
Microsoft Visual Studio Solution File, Format Version 12.00
# Visual Studio 2012
Project("{FAE04EC0-301F-11D3-BF4B-00C04F79EFBC}") = "EncodeingHtml", "EncodeingHtml\EncodeingHtml.csproj", "{6E06F14A-18E6-4FEE-BD64-10BB9AD00CEF}"
EndProject
Project("{FAE04EC0-301F-11D3-BF4B-00C04F79EFBC}") = "GetInfo_fromHtml", "GetInfo_fromHtml\GetInfo_fromHtml.csproj", "{EA3194E0-CCDC-45B7-9724-7C4E0C12CE87}"
EndProject
Global
	GlobalSection(SolutionConfigurationPlatforms) = preSolution
		Debug|Any CPU = Debug|Any CPU
		Release|Any CPU = Release|Any CPU
	EndGlobalSection
	GlobalSection(ProjectConfigurationPlatforms) = postSolution
		{6E06F14A-18E6-4FEE-BD64-10BB9AD00CEF}.Debug|Any CPU.ActiveCfg = Debug|Any CPU
		{6E06F14A-18E6-4FEE-BD64-10BB9AD00CEF}.Debug|Any CPU.Build.0 = Debug|Any CPU
		{6E06F14A-18E6-4FEE-BD64-10BB9AD00CEF}.Release|Any CPU.ActiveCfg = Release|Any CPU
		{6E06F14A-18E6-4FEE-BD64-10BB9AD00CEF}.Release|Any CPU.Build.0 = Release|Any CPU
		{EA3194E0-CCDC-45B7-9724-7C4E0C12CE87}.Debug|Any CPU.ActiveCfg = Debug|Any CPU
		{EA3194E0-CCDC-45B7-9724-7C4E0C12CE87}.Debug|Any CPU.Build.0 = Debug|Any CPU
		{EA3194E0-CCDC-45B7-9724-7C4E0C12CE87}.Release|Any CPU.ActiveCfg = Release|Any CPU
		{EA3194E0-CCDC-45B7-9724-7C4E0C12CE87}.Release|Any CPU.Build.0 = Release|Any CPU
	EndGlobalSection
	GlobalSection(SolutionProperties) = preSolution
		HideSolutionNode = FALSE
	EndGlobalSection
EndGlobal
